
Microsoft Visual Studio Solution File, Format Version 12.00
# Visual Studio 15
VisualStudioVersion = 15.0.28307.421
MinimumVisualStudioVersion = 10.0.40219.1
Project("{FAE04EC0-301F-11D3-BF4B-00C04F79EFBC}") = "HomeWorke5", "HomeWorke5\HomeWorke5.csproj", "{4707EDB4-5A86-4546-963C-EB8B1A53467C}"
EndProject
Global
	GlobalSection(SolutionConfigurationPlatforms) = preSolution
		Debug|Any CPU = Debug|Any CPU
		Release|Any CPU = Release|Any CPU
	EndGlobalSection
	GlobalSection(ProjectConfigurationPlatforms) = postSolution
		{4707EDB4-5A86-4546-963C-EB8B1A53467C}.Debug|Any CPU.ActiveCfg = Debug|Any CPU
		{4707EDB4-5A86-4546-963C-EB8B1A53467C}.Debug|Any CPU.Build.0 = Debug|Any CPU
		{4707EDB4-5A86-4546-963C-EB8B1A53467C}.Release|Any CPU.ActiveCfg = Release|Any CPU
		{4707EDB4-5A86-4546-963C-EB8B1A53467C}.Release|Any CPU.Build.0 = Release|Any CPU
	EndGlobalSection
	GlobalSection(SolutionProperties) = preSolution
		HideSolutionNode = FALSE
	EndGlobalSection
	GlobalSection(ExtensibilityGlobals) = postSolution
		SolutionGuid = {17F5EAE7-9C45-4986-981A-3144C34C4F6D}
	EndGlobalSection
EndGlobal
